
Microsoft Visual Studio Solution File, Format Version 12.00
# Visual Studio Version 17
VisualStudioVersion = 17.8.34408.163
MinimumVisualStudioVersion = 10.0.40219.1
Project("{FAE04EC0-301F-11D3-BF4B-00C04F79EFBC}") = "AzureAdb2cImplementation", "AzureAdb2cImplementation\AzureAdb2cImplementation.csproj", "{2D4220E4-D136-49B2-B2CE-03637C77E4EC}"
EndProject
Global
	GlobalSection(SolutionConfigurationPlatforms) = preSolution
		Debug|Any CPU = Debug|Any CPU
		Release|Any CPU = Release|Any CPU
	EndGlobalSection
	GlobalSection(ProjectConfigurationPlatforms) = postSolution
		{2D4220E4-D136-49B2-B2CE-03637C77E4EC}.Debug|Any CPU.ActiveCfg = Debug|Any CPU
		{2D4220E4-D136-49B2-B2CE-03637C77E4EC}.Debug|Any CPU.Build.0 = Debug|Any CPU
		{2D4220E4-D136-49B2-B2CE-03637C77E4EC}.Release|Any CPU.ActiveCfg = Release|Any CPU
		{2D4220E4-D136-49B2-B2CE-03637C77E4EC}.Release|Any CPU.Build.0 = Release|Any CPU
	EndGlobalSection
	GlobalSection(SolutionProperties) = preSolution
		HideSolutionNode = FALSE
	EndGlobalSection
	GlobalSection(ExtensibilityGlobals) = postSolution
		SolutionGuid = {6A2B700D-EA18-41D7-88BD-1845071700A3}
	EndGlobalSection
EndGlobal
